{
  "name": "@dank-inc/data-buddy",
  "version": "0.1.4",
  "lockfileVersion": 2,
  "requires": true,
  "packages": {
    "": {
      "name": "@dank-inc/data-buddy",
      "version": "0.1.4",
      "license": "MIT",
      "dependencies": {
        "@dank-inc/lewps": "^0.10.1"
      },
      "devDependencies": {
        "typescript": "^4.2.4"
      }
    },
    "node_modules/@dank-inc/lewps": {
      "version": "0.10.1",
      "resolved": "https://registry.npmjs.org/@dank-inc/lewps/-/lewps-0.10.1.tgz",
      "integrity": "sha512-hGybsClbMGKb+6v281JRifz9codj2TakcPe+pC4/EOXvgxu3iCYz4h5TFio7eUZzysLz6iGyIN9XmoUhc766Sw=="
    },
    "node_modules/typescript": {
      "version": "4.2.4",
      "resolved": "https://registry.npmjs.org/typescript/-/typescript-4.2.4.tgz",
      "integrity": "sha512-V+evlYHZnQkaz8TRBuxTA92yZBPotr5H+WhQ7bD3hZUndx5tGOa1fuCgeSjxAzM1RiN5IzvadIXTVefuuwZCRg==",
      "dev": true,
      "bin": {
        "tsc": "bin/tsc",
        "tsserver": "bin/tsserver"
      },
      "engines": {
        "node": ">=4.2.0"
      }
    }
  },
  "dependencies": {
    "@dank-inc/lewps": {
      "version": "0.10.1",
      "resolved": "https://registry.npmjs.org/@dank-inc/lewps/-/lewps-0.10.1.tgz",
      "integrity": "sha512-hGybsClbMGKb+6v281JRifz9codj2TakcPe+pC4/EOXvgxu3iCYz4h5TFio7eUZzysLz6iGyIN9XmoUhc766Sw=="
    },
    "typescript": {
      "version": "4.2.4",
      "resolved": "https://registry.npmjs.org/typescript/-/typescript-4.2.4.tgz",
      "integrity": "sha512-V+evlYHZnQkaz8TRBuxTA92yZBPotr5H+WhQ7bD3hZUndx5tGOa1fuCgeSjxAzM1RiN5IzvadIXTVefuuwZCRg==",
      "dev": true
    }
  }
}
